
Microsoft Visual Studio Solution File, Format Version 12.00
# Visual Studio 15
VisualStudioVersion = 15.0.28010.2046
MinimumVisualStudioVersion = 10.0.40219.1
Project("{FAE04EC0-301F-11D3-BF4B-00C04F79EFBC}") = "OlgaBorovyk", "OlgaBorovyk\OlgaBorovyk.csproj", "{7EC2A942-81DB-4F82-811B-0A682447A8A4}"
EndProject
Project("{FAE04EC0-301F-11D3-BF4B-00C04F79EFBC}") = "HomeWorks", "HomeWorks\HomeWorks.csproj", "{4EEE8DF1-7438-4415-8447-B7217A921A0F}"
EndProject
Project("{FAE04EC0-301F-11D3-BF4B-00C04F79EFBC}") = "ArraysHomework", "ArraysHomework\ArraysHomework.csproj", "{2F128467-3CEE-462A-AB45-9A4A9EB164C2}"
EndProject
Global
	GlobalSection(SolutionConfigurationPlatforms) = preSolution
		Debug|Any CPU = Debug|Any CPU
		Release|Any CPU = Release|Any CPU
	EndGlobalSection
	GlobalSection(ProjectConfigurationPlatforms) = postSolution
		{7EC2A942-81DB-4F82-811B-0A682447A8A4}.Debug|Any CPU.ActiveCfg = Debug|Any CPU
		{7EC2A942-81DB-4F82-811B-0A682447A8A4}.Debug|Any CPU.Build.0 = Debug|Any CPU
		{7EC2A942-81DB-4F82-811B-0A682447A8A4}.Release|Any CPU.ActiveCfg = Release|Any CPU
		{7EC2A942-81DB-4F82-811B-0A682447A8A4}.Release|Any CPU.Build.0 = Release|Any CPU
		{4EEE8DF1-7438-4415-8447-B7217A921A0F}.Debug|Any CPU.ActiveCfg = Debug|Any CPU
		{4EEE8DF1-7438-4415-8447-B7217A921A0F}.Debug|Any CPU.Build.0 = Debug|Any CPU
		{4EEE8DF1-7438-4415-8447-B7217A921A0F}.Release|Any CPU.ActiveCfg = Release|Any CPU
		{4EEE8DF1-7438-4415-8447-B7217A921A0F}.Release|Any CPU.Build.0 = Release|Any CPU
		{2F128467-3CEE-462A-AB45-9A4A9EB164C2}.Debug|Any CPU.ActiveCfg = Debug|Any CPU
		{2F128467-3CEE-462A-AB45-9A4A9EB164C2}.Debug|Any CPU.Build.0 = Debug|Any CPU
		{2F128467-3CEE-462A-AB45-9A4A9EB164C2}.Release|Any CPU.ActiveCfg = Release|Any CPU
		{2F128467-3CEE-462A-AB45-9A4A9EB164C2}.Release|Any CPU.Build.0 = Release|Any CPU
	EndGlobalSection
	GlobalSection(SolutionProperties) = preSolution
		HideSolutionNode = FALSE
	EndGlobalSection
	GlobalSection(ExtensibilityGlobals) = postSolution
		SolutionGuid = {DFE0FF4A-CFFF-47DC-8665-9A5C3607F4A8}
	EndGlobalSection
EndGlobal
